
Microsoft Visual Studio Solution File, Format Version 12.00
# Visual Studio Version 16
VisualStudioVersion = 16.0.29613.14
MinimumVisualStudioVersion = 10.0.40219.1
Project("{FAE04EC0-301F-11D3-BF4B-00C04F79EFBC}") = "MVClogin", "MVClogin\MVClogin.csproj", "{EDEA2952-6238-4BD6-80EF-78EB27552472}"
EndProject
Global
	GlobalSection(SolutionConfigurationPlatforms) = preSolution
		Debug|Any CPU = Debug|Any CPU
		Release|Any CPU = Release|Any CPU
	EndGlobalSection
	GlobalSection(ProjectConfigurationPlatforms) = postSolution
		{EDEA2952-6238-4BD6-80EF-78EB27552472}.Debug|Any CPU.ActiveCfg = Debug|Any CPU
		{EDEA2952-6238-4BD6-80EF-78EB27552472}.Debug|Any CPU.Build.0 = Debug|Any CPU
		{EDEA2952-6238-4BD6-80EF-78EB27552472}.Release|Any CPU.ActiveCfg = Release|Any CPU
		{EDEA2952-6238-4BD6-80EF-78EB27552472}.Release|Any CPU.Build.0 = Release|Any CPU
	EndGlobalSection
	GlobalSection(SolutionProperties) = preSolution
		HideSolutionNode = FALSE
	EndGlobalSection
	GlobalSection(ExtensibilityGlobals) = postSolution
		SolutionGuid = {07445B84-27EA-41E7-9B4F-0F3C43613E68}
	EndGlobalSection
EndGlobal
